
Microsoft Visual Studio Solution File, Format Version 12.00
# Visual Studio 15
VisualStudioVersion = 15.0.27428.2043
MinimumVisualStudioVersion = 10.0.40219.1
Project("{FAE04EC0-301F-11D3-BF4B-00C04F79EFBC}") = "Stealth Ward", "Stealth Ward.csproj", "{396A570F-D9C8-4D24-AAA5-5D87FB075F44}"
EndProject
Global
	GlobalSection(SolutionConfigurationPlatforms) = preSolution
		Debug|Any CPU = Debug|Any CPU
		Release|Any CPU = Release|Any CPU
	EndGlobalSection
	GlobalSection(ProjectConfigurationPlatforms) = postSolution
		{396A570F-D9C8-4D24-AAA5-5D87FB075F44}.Debug|Any CPU.ActiveCfg = Debug|Any CPU
		{396A570F-D9C8-4D24-AAA5-5D87FB075F44}.Debug|Any CPU.Build.0 = Debug|Any CPU
		{396A570F-D9C8-4D24-AAA5-5D87FB075F44}.Release|Any CPU.ActiveCfg = Release|Any CPU
		{396A570F-D9C8-4D24-AAA5-5D87FB075F44}.Release|Any CPU.Build.0 = Release|Any CPU
	EndGlobalSection
	GlobalSection(SolutionProperties) = preSolution
		HideSolutionNode = FALSE
	EndGlobalSection
	GlobalSection(ExtensibilityGlobals) = postSolution
		SolutionGuid = {43EBD7D1-DA25-46C3-A2A0-74E85098931B}
	EndGlobalSection
EndGlobal
